
Microsoft Visual Studio Solution File, Format Version 12.00
# Visual Studio Version 17
VisualStudioVersion = 17.8.34511.84
MinimumVisualStudioVersion = 10.0.40219.1
Project("{FAE04EC0-301F-11D3-BF4B-00C04F79EFBC}") = "EFSolucions", "EFSolucions\EFSolucions.csproj", "{C2845D25-2EAB-4371-8619-47C04372E85A}"
EndProject
Project("{2150E333-8FDC-42A3-9474-1A3956D46DE8}") = "Camada1", "Camada1", "{B86EC510-6973-4A91-A729-4CED53FD0823}"
EndProject
Project("{2150E333-8FDC-42A3-9474-1A3956D46DE8}") = "Camada2", "Camada2", "{CB08B3CF-DC74-45CF-A9A8-61603D9F58A3}"
EndProject
Project("{2150E333-8FDC-42A3-9474-1A3956D46DE8}") = "Camda3", "Camda3", "{26F692FF-0DA8-4928-918C-AE65AE9876C6}"
EndProject
Project("{FAE04EC0-301F-11D3-BF4B-00C04F79EFBC}") = "Dal.Mysql", "Dal.Mysql\Dal.Mysql.csproj", "{BFFFE0A5-379F-4AC9-8D04-AC5EA35292C5}"
EndProject
Project("{FAE04EC0-301F-11D3-BF4B-00C04F79EFBC}") = "pessoa", "pessoa\pessoa.csproj", "{739CCE37-367D-475E-817B-F723CE7268D8}"
EndProject
Global
	GlobalSection(SolutionConfigurationPlatforms) = preSolution
		Debug|Any CPU = Debug|Any CPU
		Release|Any CPU = Release|Any CPU
	EndGlobalSection
	GlobalSection(ProjectConfigurationPlatforms) = postSolution
		{C2845D25-2EAB-4371-8619-47C04372E85A}.Debug|Any CPU.ActiveCfg = Debug|Any CPU
		{C2845D25-2EAB-4371-8619-47C04372E85A}.Debug|Any CPU.Build.0 = Debug|Any CPU
		{C2845D25-2EAB-4371-8619-47C04372E85A}.Release|Any CPU.ActiveCfg = Release|Any CPU
		{C2845D25-2EAB-4371-8619-47C04372E85A}.Release|Any CPU.Build.0 = Release|Any CPU
		{BFFFE0A5-379F-4AC9-8D04-AC5EA35292C5}.Debug|Any CPU.ActiveCfg = Debug|Any CPU
		{BFFFE0A5-379F-4AC9-8D04-AC5EA35292C5}.Debug|Any CPU.Build.0 = Debug|Any CPU
		{BFFFE0A5-379F-4AC9-8D04-AC5EA35292C5}.Release|Any CPU.ActiveCfg = Release|Any CPU
		{BFFFE0A5-379F-4AC9-8D04-AC5EA35292C5}.Release|Any CPU.Build.0 = Release|Any CPU
		{739CCE37-367D-475E-817B-F723CE7268D8}.Debug|Any CPU.ActiveCfg = Debug|Any CPU
		{739CCE37-367D-475E-817B-F723CE7268D8}.Debug|Any CPU.Build.0 = Debug|Any CPU
		{739CCE37-367D-475E-817B-F723CE7268D8}.Release|Any CPU.ActiveCfg = Release|Any CPU
		{739CCE37-367D-475E-817B-F723CE7268D8}.Release|Any CPU.Build.0 = Release|Any CPU
	EndGlobalSection
	GlobalSection(SolutionProperties) = preSolution
		HideSolutionNode = FALSE
	EndGlobalSection
	GlobalSection(NestedProjects) = preSolution
		{C2845D25-2EAB-4371-8619-47C04372E85A} = {B86EC510-6973-4A91-A729-4CED53FD0823}
		{BFFFE0A5-379F-4AC9-8D04-AC5EA35292C5} = {CB08B3CF-DC74-45CF-A9A8-61603D9F58A3}
		{739CCE37-367D-475E-817B-F723CE7268D8} = {26F692FF-0DA8-4928-918C-AE65AE9876C6}
	EndGlobalSection
	GlobalSection(ExtensibilityGlobals) = postSolution
		SolutionGuid = {4EB86E56-7FD6-4CB4-B0B0-BAD8FAF348A8}
	EndGlobalSection
EndGlobal
